
Microsoft Visual Studio Solution File, Format Version 12.00
# Visual Studio 15
VisualStudioVersion = 15.0.28307.168
MinimumVisualStudioVersion = 10.0.40219.1
Project("{FAE04EC0-301F-11D3-BF4B-00C04F79EFBC}") = "MatrixDist", "MatrixDist\MatrixDist.csproj", "{7CC30C37-AFD0-4BAD-9330-F356902C0698}"
EndProject
Global
	GlobalSection(SolutionConfigurationPlatforms) = preSolution
		Debug|Any CPU = Debug|Any CPU
		Release|Any CPU = Release|Any CPU
	EndGlobalSection
	GlobalSection(ProjectConfigurationPlatforms) = postSolution
		{7CC30C37-AFD0-4BAD-9330-F356902C0698}.Debug|Any CPU.ActiveCfg = Debug|Any CPU
		{7CC30C37-AFD0-4BAD-9330-F356902C0698}.Debug|Any CPU.Build.0 = Debug|Any CPU
		{7CC30C37-AFD0-4BAD-9330-F356902C0698}.Release|Any CPU.ActiveCfg = Release|Any CPU
		{7CC30C37-AFD0-4BAD-9330-F356902C0698}.Release|Any CPU.Build.0 = Release|Any CPU
	EndGlobalSection
	GlobalSection(SolutionProperties) = preSolution
		HideSolutionNode = FALSE
	EndGlobalSection
	GlobalSection(ExtensibilityGlobals) = postSolution
		SolutionGuid = {F4D7785A-AA7A-460E-A6B6-CFEB5D76FDFA}
	EndGlobalSection
EndGlobal
